// !$*UTF8*$!
{
	archiveVersion = 1;
	classes = {
	};
	objectVersion = 50;
	objects = {

/* Begin PBXBuildFile section */
		510B81832267A4DB00C23C62 /* AppDelegate.swift in Sources */ = {isa = PBXBuildFile; fileRef = 510B81822267A4DB00C23C62 /* AppDelegate.swift */; };
		510B81852267A4DB00C23C62 /* DetailViewController.swift in Sources */ = {isa = PBXBuildFile; fileRef = 510B81842267A4DB00C23C62 /* DetailViewController.swift */; };
		510B81882267A4DB00C23C62 /* Main.storyboard in Resources */ = {isa = PBXBuildFile; fileRef = 510B81862267A4DB00C23C62 /* Main.storyboard */; };
		510B818B2267A4DB00C23C62 /* ShoppingGoodsApp.xcdatamodeld in Sources */ = {isa = PBXBuildFile; fileRef = 510B81892267A4DB00C23C62 /* ShoppingGoodsApp.xcdatamodeld */; };
		510B818D2267A4DC00C23C62 /* Assets.xcassets in Resources */ = {isa = PBXBuildFile; fileRef = 510B818C2267A4DC00C23C62 /* Assets.xcassets */; };
		510B81902267A4DC00C23C62 /* LaunchScreen.storyboard in Resources */ = {isa = PBXBuildFile; fileRef = 510B818E2267A4DC00C23C62 /* LaunchScreen.storyboard */; };
		510B819B2267A4DC00C23C62 /* ShoppingGoodsAppTests.swift in Sources */ = {isa = PBXBuildFile; fileRef = 510B819A2267A4DC00C23C62 /* ShoppingGoodsAppTests.swift */; };
		510B81A62267A4DC00C23C62 /* ShoppingGoodsAppUITests.swift in Sources */ = {isa = PBXBuildFile; fileRef = 510B81A52267A4DC00C23C62 /* ShoppingGoodsAppUITests.swift */; };
		510B81B42267A9EB00C23C62 /* ListItemCell.swift in Sources */ = {isa = PBXBuildFile; fileRef = 510B81B32267A9EB00C23C62 /* ListItemCell.swift */; };
		510B81B62267AA1C00C23C62 /* TableViewListItem.swift in Sources */ = {isa = PBXBuildFile; fileRef = 510B81B52267AA1C00C23C62 /* TableViewListItem.swift */; };
		510B81B92267B64700C23C62 /* ExtensionDownloadJSON.swift in Sources */ = {isa = PBXBuildFile; fileRef = 510B81B82267B64700C23C62 /* ExtensionDownloadJSON.swift */; };
		510B81BB2267C4B800C23C62 /* URLimageConverter.swift in Sources */ = {isa = PBXBuildFile; fileRef = 510B81BA2267C4B800C23C62 /* URLimageConverter.swift */; };
		510B81BD2267C69F00C23C62 /* Card.swift in Sources */ = {isa = PBXBuildFile; fileRef = 510B81BC2267C69F00C23C62 /* Card.swift */; };
		510B81C02268F64100C23C62 /* ExtensionSearchbar.swift in Sources */ = {isa = PBXBuildFile; fileRef = 510B81BF2268F64100C23C62 /* ExtensionSearchbar.swift */; };
		510B81C5226A2C7C00C23C62 /* DeckCollectionView.swift in Sources */ = {isa = PBXBuildFile; fileRef = 510B81C4226A2C7C00C23C62 /* DeckCollectionView.swift */; };
		510B81C7226A2FCF00C23C62 /* CollectionViewCell.swift in Sources */ = {isa = PBXBuildFile; fileRef = 510B81C6226A2FCF00C23C62 /* CollectionViewCell.swift */; };
/* End PBXBuildFile section */

/* Begin PBXContainerItemProxy section */
		510B81972267A4DC00C23C62 /* PBXContainerItemProxy */ = {
			isa = PBXContainerItemProxy;
			containerPortal = 510B81772267A4DB00C23C62 /* Project object */;
			proxyType = 1;
			remoteGlobalIDString = 510B817E2267A4DB00C23C62;
			remoteInfo = ShoppingGoodsApp;
		};
		510B81A22267A4DC00C23C62 /* PBXContainerItemProxy */ = {
			isa = PBXContainerItemProxy;
			containerPortal = 510B81772267A4DB00C23C62 /* Project object */;
			proxyType = 1;
			remoteGlobalIDString = 510B817E2267A4DB00C23C62;
			remoteInfo = ShoppingGoodsApp;
		};
/* End PBXContainerItemProxy section */

/* Begin PBXFileReference section */
		510B817F2267A4DB00C23C62 /* ShoppingGoodsApp.app */ = {isa = PBXFileReference; explicitFileType = wrapper.application; includeInIndex = 0; path = ShoppingGoodsApp.app; sourceTree = BUILT_PRODUCTS_DIR; };
		510B81822267A4DB00C23C62 /* AppDelegate.swift */ = {isa = PBXFileReference; lastKnownFileType = sourcecode.swift; path = AppDelegate.swift; sourceTree = "<group>"; };
		510B81842267A4DB00C23C62 /* DetailViewController.swift */ = {isa = PBXFileReference; lastKnownFileType = sourcecode.swift; path = DetailViewController.swift; sourceTree = "<group>"; };
		510B81872267A4DB00C23C62 /* Base */ = {isa = PBXFileReference; lastKnownFileType = file.storyboard; name = Base; path = Base.lproj/Main.storyboard; sourceTree = "<group>"; };
		510B818A2267A4DB00C23C62 /* ShoppingGoodsApp.xcdatamodel */ = {isa = PBXFileReference; lastKnownFileType = wrapper.xcdatamodel; path = ShoppingGoodsApp.xcdatamodel; sourceTree = "<group>"; };
		510B818C2267A4DC00C23C62 /* Assets.xcassets */ = {isa = PBXFileReference; lastKnownFileType = folder.assetcatalog; path = Assets.xcassets; sourceTree = "<group>"; };
		510B818F2267A4DC00C23C62 /* Base */ = {isa = PBXFileReference; lastKnownFileType = file.storyboard; name = Base; path = Base.lproj/LaunchScreen.storyboard; sourceTree = "<group>"; };
		510B81912267A4DC00C23C62 /* Info.plist */ = {isa = PBXFileReference; lastKnownFileType = text.plist.xml; path = Info.plist; sourceTree = "<group>"; };
		510B81962267A4DC00C23C62 /* ShoppingGoodsAppTests.xctest */ = {isa = PBXFileReference; explicitFileType = wrapper.cfbundle; includeInIndex = 0; path = ShoppingGoodsAppTests.xctest; sourceTree = BUILT_PRODUCTS_DIR; };
		510B819A2267A4DC00C23C62 /* ShoppingGoodsAppTests.swift */ = {isa = PBXFileReference; lastKnownFileType = sourcecode.swift; path = ShoppingGoodsAppTests.swift; sourceTree = "<group>"; };
		510B819C2267A4DC00C23C62 /* Info.plist */ = {isa = PBXFileReference; lastKnownFileType = text.plist.xml; path = Info.plist; sourceTree = "<group>"; };
		510B81A12267A4DC00C23C62 /* ShoppingGoodsAppUITests.xctest */ = {isa = PBXFileReference; explicitFileType = wrapper.cfbundle; includeInIndex = 0; path = ShoppingGoodsAppUITests.xctest; sourceTree = BUILT_PRODUCTS_DIR; };
		510B81A52267A4DC00C23C62 /* ShoppingGoodsAppUITests.swift */ = {isa = PBXFileReference; lastKnownFileType = sourcecode.swift; path = ShoppingGoodsAppUITests.swift; sourceTree = "<group>"; };
		510B81A72267A4DC00C23C62 /* Info.plist */ = {isa = PBXFileReference; lastKnownFileType = text.plist.xml; path = Info.plist; sourceTree = "<group>"; };
		510B81B32267A9EB00C23C62 /* ListItemCell.swift */ = {isa = PBXFileReference; lastKnownFileType = sourcecode.swift; path = ListItemCell.swift; sourceTree = "<group>"; };
		510B81B52267AA1C00C23C62 /* TableViewListItem.swift */ = {isa = PBXFileReference; lastKnownFileType = sourcecode.swift; path = TableViewListItem.swift; sourceTree = "<group>"; };
		510B81B82267B64700C23C62 /* ExtensionDownloadJSON.swift */ = {isa = PBXFileReference; lastKnownFileType = sourcecode.swift; path = ExtensionDownloadJSON.swift; sourceTree = "<group>"; };
		510B81BA2267C4B800C23C62 /* URLimageConverter.swift */ = {isa = PBXFileReference; lastKnownFileType = sourcecode.swift; path = URLimageConverter.swift; sourceTree = "<group>"; };
		510B81BC2267C69F00C23C62 /* Card.swift */ = {isa = PBXFileReference; lastKnownFileType = sourcecode.swift; path = Card.swift; sourceTree = "<group>"; };
		510B81BF2268F64100C23C62 /* ExtensionSearchbar.swift */ = {isa = PBXFileReference; lastKnownFileType = sourcecode.swift; path = ExtensionSearchbar.swift; sourceTree = "<group>"; };
		510B81C4226A2C7C00C23C62 /* DeckCollectionView.swift */ = {isa = PBXFileReference; lastKnownFileType = sourcecode.swift; path = DeckCollectionView.swift; sourceTree = "<group>"; };
		510B81C6226A2FCF00C23C62 /* CollectionViewCell.swift */ = {isa = PBXFileReference; lastKnownFileType = sourcecode.swift; path = CollectionViewCell.swift; sourceTree = "<group>"; };
/* End PBXFileReference section */

/* Begin PBXFrameworksBuildPhase section */
		510B817C2267A4DB00C23C62 /* Frameworks */ = {
			isa = PBXFrameworksBuildPhase;
			buildActionMask = 2147483647;
			files = (
			);
			runOnlyForDeploymentPostprocessing = 0;
		};
		510B81932267A4DC00C23C62 /* Frameworks */ = {
			isa = PBXFrameworksBuildPhase;
			buildActionMask = 2147483647;
			files = (
			);
			runOnlyForDeploymentPostprocessing = 0;
		};
		510B819E2267A4DC00C23C62 /* Frameworks */ = {
			isa = PBXFrameworksBuildPhase;
			buildActionMask = 2147483647;
			files = (
			);
			runOnlyForDeploymentPostprocessing = 0;
		};
/* End PBXFrameworksBuildPhase section */

/* Begin PBXGroup section */
		510B81762267A4DB00C23C62 = {
			isa = PBXGroup;
			children = (
				510B81812267A4DB00C23C62 /* ShoppingGoodsApp */,
				510B81992267A4DC00C23C62 /* ShoppingGoodsAppTests */,
				510B81A42267A4DC00C23C62 /* ShoppingGoodsAppUITests */,
				510B81802267A4DB00C23C62 /* Products */,
			);
			sourceTree = "<group>";
		};
		510B81802267A4DB00C23C62 /* Products */ = {
			isa = PBXGroup;
			children = (
				510B817F2267A4DB00C23C62 /* ShoppingGoodsApp.app */,
				510B81962267A4DC00C23C62 /* ShoppingGoodsAppTests.xctest */,
				510B81A12267A4DC00C23C62 /* ShoppingGoodsAppUITests.xctest */,
			);
			name = Products;
			sourceTree = "<group>";
		};
		510B81812267A4DB00C23C62 /* ShoppingGoodsApp */ = {
			isa = PBXGroup;
			children = (
				510B81822267A4DB00C23C62 /* AppDelegate.swift */,
				510B81862267A4DB00C23C62 /* Main.storyboard */,
				510B81C3226A26E500C23C62 /* CollectionViewDecks */,
				510B81BE2267CAA700C23C62 /* DataModel */,
				510B81B72267AA4C00C23C62 /* TableViewListItems */,
				510B818C2267A4DC00C23C62 /* Assets.xcassets */,
				510B818E2267A4DC00C23C62 /* LaunchScreen.storyboard */,
				510B81912267A4DC00C23C62 /* Info.plist */,
				510B81892267A4DB00C23C62 /* ShoppingGoodsApp.xcdatamodeld */,
			);
			path = ShoppingGoodsApp;
			sourceTree = "<group>";
		};
		510B81992267A4DC00C23C62 /* ShoppingGoodsAppTests */ = {
			isa = PBXGroup;
			children = (
				510B819A2267A4DC00C23C62 /* ShoppingGoodsAppTests.swift */,
				510B819C2267A4DC00C23C62 /* Info.plist */,
			);
			path = ShoppingGoodsAppTests;
			sourceTree = "<group>";
		};
		510B81A42267A4DC00C23C62 /* ShoppingGoodsAppUITests */ = {
			isa = PBXGroup;
			children = (
				510B81A52267A4DC00C23C62 /* ShoppingGoodsAppUITests.swift */,
				510B81A72267A4DC00C23C62 /* Info.plist */,
			);
			path = ShoppingGoodsAppUITests;
			sourceTree = "<group>";
		};
		510B81B72267AA4C00C23C62 /* TableViewListItems */ = {
			isa = PBXGroup;
			children = (
				510B81B52267AA1C00C23C62 /* TableViewListItem.swift */,
				510B81842267A4DB00C23C62 /* DetailViewController.swift */,
				510B81B32267A9EB00C23C62 /* ListItemCell.swift */,
				510B81B82267B64700C23C62 /* ExtensionDownloadJSON.swift */,
				510B81BA2267C4B800C23C62 /* URLimageConverter.swift */,
				510B81BF2268F64100C23C62 /* ExtensionSearchbar.swift */,
			);
			path = TableViewListItems;
			sourceTree = "<group>";
		};
		510B81BE2267CAA700C23C62 /* DataModel */ = {
			isa = PBXGroup;
			children = (
				510B81BC2267C69F00C23C62 /* Card.swift */,
			);
			path = DataModel;
			sourceTree = "<group>";
		};
		510B81C3226A26E500C23C62 /* CollectionViewDecks */ = {
			isa = PBXGroup;
			children = (
				510B81C4226A2C7C00C23C62 /* DeckCollectionView.swift */,
				510B81C6226A2FCF00C23C62 /* CollectionViewCell.swift */,
			);
			path = CollectionViewDecks;
			sourceTree = "<group>";
		};
/* End PBXGroup section */

/* Begin PBXNativeTarget section */
		510B817E2267A4DB00C23C62 /* ShoppingGoodsApp */ = {
			isa = PBXNativeTarget;
			buildConfigurationList = 510B81AA2267A4DC00C23C62 /* Build configuration list for PBXNativeTarget "ShoppingGoodsApp" */;
			buildPhases = (
				510B817B2267A4DB00C23C62 /* Sources */,
				510B817C2267A4DB00C23C62 /* Frameworks */,
				510B817D2267A4DB00C23C62 /* Resources */,
			);
			buildRules = (
			);
			dependencies = (
			);
			name = ShoppingGoodsApp;
			productName = ShoppingGoodsApp;
			productReference = 510B817F2267A4DB00C23C62 /* ShoppingGoodsApp.app */;
			productType = "com.apple.product-type.application";
		};
		510B81952267A4DC00C23C62 /* ShoppingGoodsAppTests */ = {
			isa = PBXNativeTarget;
			buildConfigurationList = 510B81AD2267A4DC00C23C62 /* Build configuration list for PBXNativeTarget "ShoppingGoodsAppTests" */;
			buildPhases = (
				510B81922267A4DC00C23C62 /* Sources */,
				510B81932267A4DC00C23C62 /* Frameworks */,
				510B81942267A4DC00C23C62 /* Resources */,
			);
			buildRules = (
			);
			dependencies = (
				510B81982267A4DC00C23C62 /* PBXTargetDependency */,
			);
			name = ShoppingGoodsAppTests;
			productName = ShoppingGoodsAppTests;
			productReference = 510B81962267A4DC00C23C62 /* ShoppingGoodsAppTests.xctest */;
			productType = "com.apple.product-type.bundle.unit-test";
		};
		510B81A02267A4DC00C23C62 /* ShoppingGoodsAppUITests */ = {
			isa = PBXNativeTarget;
			buildConfigurationList = 510B81B02267A4DC00C23C62 /* Build configuration list for PBXNativeTarget "ShoppingGoodsAppUITests" */;
			buildPhases = (
				510B819D2267A4DC00C23C62 /* Sources */,
				510B819E2267A4DC00C23C62 /* Frameworks */,
				510B819F2267A4DC00C23C62 /* Resources */,
			);
			buildRules = (
			);
			dependencies = (
				510B81A32267A4DC00C23C62 /* PBXTargetDependency */,
			);
			name = ShoppingGoodsAppUITests;
			productName = ShoppingGoodsAppUITests;
			productReference = 510B81A12267A4DC00C23C62 /* ShoppingGoodsAppUITests.xctest */;
			productType = "com.apple.product-type.bundle.ui-testing";
		};
/* End PBXNativeTarget section */

/* Begin PBXProject section */
		510B81772267A4DB00C23C62 /* Project object */ = {
			isa = PBXProject;
			attributes = {
				LastSwiftUpdateCheck = 1020;
				LastUpgradeCheck = 1020;
				ORGANIZATIONNAME = "Adam Infiesto";
				TargetAttributes = {
					510B817E2267A4DB00C23C62 = {
						CreatedOnToolsVersion = 10.2;
					};
					510B81952267A4DC00C23C62 = {
						CreatedOnToolsVersion = 10.2;
						TestTargetID = 510B817E2267A4DB00C23C62;
					};
					510B81A02267A4DC00C23C62 = {
						CreatedOnToolsVersion = 10.2;
						TestTargetID = 510B817E2267A4DB00C23C62;
					};
				};
			};
			buildConfigurationList = 510B817A2267A4DB00C23C62 /* Build configuration list for PBXProject "ShoppingGoodsApp" */;
			compatibilityVersion = "Xcode 9.3";
			developmentRegion = en;
			hasScannedForEncodings = 0;
			knownRegions = (
				en,
				Base,
			);
			mainGroup = 510B81762267A4DB00C23C62;
			productRefGroup = 510B81802267A4DB00C23C62 /* Products */;
			projectDirPath = "";
			projectRoot = "";
			targets = (
				510B817E2267A4DB00C23C62 /* ShoppingGoodsApp */,
				510B81952267A4DC00C23C62 /* ShoppingGoodsAppTests */,
				510B81A02267A4DC00C23C62 /* ShoppingGoodsAppUITests */,
			);
		};
/* End PBXProject section */

/* Begin PBXResourcesBuildPhase section */
		510B817D2267A4DB00C23C62 /* Resources */ = {
			isa = PBXResourcesBuildPhase;
			buildActionMask = 2147483647;
			files = (
				510B81902267A4DC00C23C62 /* LaunchScreen.storyboard in Resources */,
				510B818D2267A4DC00C23C62 /* Assets.xcassets in Resources */,
				510B81882267A4DB00C23C62 /* Main.storyboard in Resources */,
			);
			runOnlyForDeploymentPostprocessing = 0;
		};
		510B81942267A4DC00C23C62 /* Resources */ = {
			isa = PBXResourcesBuildPhase;
			buildActionMask = 2147483647;
			files = (
			);
			runOnlyForDeploymentPostprocessing = 0;
		};
		510B819F2267A4DC00C23C62 /* Resources */ = {
			isa = PBXResourcesBuildPhase;
			buildActionMask = 2147483647;
			files = (
			);
			runOnlyForDeploymentPostprocessing = 0;
		};
/* End PBXResourcesBuildPhase section */

/* Begin PBXSourcesBuildPhase section */
		510B817B2267A4DB00C23C62 /* Sources */ = {
			isa = PBXSourcesBuildPhase;
			buildActionMask = 2147483647;
			files = (
				510B81B42267A9EB00C23C62 /* ListItemCell.swift in Sources */,
				510B81C5226A2C7C00C23C62 /* DeckCollectionView.swift in Sources */,
				510B818B2267A4DB00C23C62 /* ShoppingGoodsApp.xcdatamodeld in Sources */,
				510B81852267A4DB00C23C62 /* DetailViewController.swift in Sources */,
				510B81BD2267C69F00C23C62 /* Card.swift in Sources */,
				510B81B92267B64700C23C62 /* ExtensionDownloadJSON.swift in Sources */,
				510B81B62267AA1C00C23C62 /* TableViewListItem.swift in Sources */,
				510B81C02268F64100C23C62 /* ExtensionSearchbar.swift in Sources */,
				510B81832267A4DB00C23C62 /* AppDelegate.swift in Sources */,
				510B81BB2267C4B800C23C62 /* URLimageConverter.swift in Sources */,
				510B81C7226A2FCF00C23C62 /* CollectionViewCell.swift in Sources */,
			);
			runOnlyForDeploymentPostprocessing = 0;
		};
		510B81922267A4DC00C23C62 /* Sources */ = {
			isa = PBXSourcesBuildPhase;
			buildActionMask = 2147483647;
			files = (
				510B819B2267A4DC00C23C62 /* ShoppingGoodsAppTests.swift in Sources */,
			);
			runOnlyForDeploymentPostprocessing = 0;
		};
		510B819D2267A4DC00C23C62 /* Sources */ = {
			isa = PBXSourcesBuildPhase;
			buildActionMask = 2147483647;
			files = (
				510B81A62267A4DC00C23C62 /* ShoppingGoodsAppUITests.swift in Sources */,
			);
			runOnlyForDeploymentPostprocessing = 0;
		};
/* End PBXSourcesBuildPhase section */

/* Begin PBXTargetDependency section */
		510B81982267A4DC00C23C62 /* PBXTargetDependency */ = {
			isa = PBXTargetDependency;
			target = 510B817E2267A4DB00C23C62 /* ShoppingGoodsApp */;
			targetProxy = 510B81972267A4DC00C23C62 /* PBXContainerItemProxy */;
		};
		510B81A32267A4DC00C23C62 /* PBXTargetDependency */ = {
			isa = PBXTargetDependency;
			target = 510B817E2267A4DB00C23C62 /* ShoppingGoodsApp */;
			targetProxy = 510B81A22267A4DC00C23C62 /* PBXContainerItemProxy */;
		};
/* End PBXTargetDependency section */

/* Begin PBXVariantGroup section */
		510B81862267A4DB00C23C62 /* Main.storyboard */ = {
			isa = PBXVariantGroup;
			children = (
				510B81872267A4DB00C23C62 /* Base */,
			);
			name = Main.storyboard;
			sourceTree = "<group>";
		};
		510B818E2267A4DC00C23C62 /* LaunchScreen.storyboard */ = {
			isa = PBXVariantGroup;
			children = (
				510B818F2267A4DC00C23C62 /* Base */,
			);
			name = LaunchScreen.storyboard;
			sourceTree = "<group>";
		};
/* End PBXVariantGroup section */

/* Begin XCBuildConfiguration section */
		510B81A82267A4DC00C23C62 /* Debug */ = {
			isa = XCBuildConfiguration;
			buildSettings = {
				ALWAYS_SEARCH_USER_PATHS = NO;
				CLANG_ANALYZER_NONNULL = YES;
				CLANG_ANALYZER_NUMBER_OBJECT_CONVERSION = YES_AGGRESSIVE;
				CLANG_CXX_LANGUAGE_STANDARD = "gnu++14";
				CLANG_CXX_LIBRARY = "libc++";
				CLANG_ENABLE_MODULES = YES;
				CLANG_ENABLE_OBJC_ARC = YES;
				CLANG_ENABLE_OBJC_WEAK = YES;
				CLANG_WARN_BLOCK_CAPTURE_AUTORELEASING = YES;
				CLANG_WARN_BOOL_CONVERSION = YES;
				CLANG_WARN_COMMA = YES;
				CLANG_WARN_CONSTANT_CONVERSION = YES;
				CLANG_WARN_DEPRECATED_OBJC_IMPLEMENTATIONS = YES;
				CLANG_WARN_DIRECT_OBJC_ISA_USAGE = YES_ERROR;
				CLANG_WARN_DOCUMENTATION_COMMENTS = YES;
				CLANG_WARN_EMPTY_BODY = YES;
				CLANG_WARN_ENUM_CONVERSION = YES;
				CLANG_WARN_INFINITE_RECURSION = YES;
				CLANG_WARN_INT_CONVERSION = YES;
				CLANG_WARN_NON_LITERAL_NULL_CONVERSION = YES;
				CLANG_WARN_OBJC_IMPLICIT_RETAIN_SELF = YES;
				CLANG_WARN_OBJC_LITERAL_CONVERSION = YES;
				CLANG_WARN_OBJC_ROOT_CLASS = YES_ERROR;
				CLANG_WARN_RANGE_LOOP_ANALYSIS = YES;
				CLANG_WARN_STRICT_PROTOTYPES = YES;
				CLANG_WARN_SUSPICIOUS_MOVE = YES;
				CLANG_WARN_UNGUARDED_AVAILABILITY = YES_AGGRESSIVE;
				CLANG_WARN_UNREACHABLE_CODE = YES;
				CLANG_WARN__DUPLICATE_METHOD_MATCH = YES;
				CODE_SIGN_IDENTITY = "iPhone Developer";
				COPY_PHASE_STRIP = NO;
				DEBUG_INFORMATION_FORMAT = dwarf;
				ENABLE_STRICT_OBJC_MSGSEND = YES;
				ENABLE_TESTABILITY = YES;
				GCC_C_LANGUAGE_STANDARD = gnu11;
				GCC_DYNAMIC_NO_PIC = NO;
				GCC_NO_COMMON_BLOCKS = YES;
				GCC_OPTIMIZATION_LEVEL = 0;
				GCC_PREPROCESSOR_DEFINITIONS = (
					"DEBUG=1",
					"$(inherited)",
				);
				GCC_WARN_64_TO_32_BIT_CONVERSION = YES;
				GCC_WARN_ABOUT_RETURN_TYPE = YES_ERROR;
				GCC_WARN_UNDECLARED_SELECTOR = YES;
				GCC_WARN_UNINITIALIZED_AUTOS = YES_AGGRESSIVE;
				GCC_WARN_UNUSED_FUNCTION = YES;
				GCC_WARN_UNUSED_VARIABLE = YES;
				IPHONEOS_DEPLOYMENT_TARGET = 12.2;
				MTL_ENABLE_DEBUG_INFO = INCLUDE_SOURCE;
				MTL_FAST_MATH = YES;
				ONLY_ACTIVE_ARCH = YES;
				SDKROOT = iphoneos;
				SWIFT_ACTIVE_COMPILATION_CONDITIONS = DEBUG;
				SWIFT_OPTIMIZATION_LEVEL = "-Onone";
			};
			name = Debug;
		};
		510B81A92267A4DC00C23C62 /* Release */ = {
			isa = XCBuildConfiguration;
			buildSettings = {
				ALWAYS_SEARCH_USER_PATHS = NO;
				CLANG_ANALYZER_NONNULL = YES;
				CLANG_ANALYZER_NUMBER_OBJECT_CONVERSION = YES_AGGRESSIVE;
				CLANG_CXX_LANGUAGE_STANDARD = "gnu++14";
				CLANG_CXX_LIBRARY = "libc++";
				CLANG_ENABLE_MODULES = YES;
				CLANG_ENABLE_OBJC_ARC = YES;
				CLANG_ENABLE_OBJC_WEAK = YES;
				CLANG_WARN_BLOCK_CAPTURE_AUTORELEASING = YES;
				CLANG_WARN_BOOL_CONVERSION = YES;
				CLANG_WARN_COMMA = YES;
				CLANG_WARN_CONSTANT_CONVERSION = YES;
				CLANG_WARN_DEPRECATED_OBJC_IMPLEMENTATIONS = YES;
				CLANG_WARN_DIRECT_OBJC_ISA_USAGE = YES_ERROR;
				CLANG_WARN_DOCUMENTATION_COMMENTS = YES;
				CLANG_WARN_EMPTY_BODY = YES;
				CLANG_WARN_ENUM_CONVERSION = YES;
				CLANG_WARN_INFINITE_RECURSION = YES;
				CLANG_WARN_INT_CONVERSION = YES;
				CLANG_WARN_NON_LITERAL_NULL_CONVERSION = YES;
				CLANG_WARN_OBJC_IMPLICIT_RETAIN_SELF = YES;
				CLANG_WARN_OBJC_LITERAL_CONVERSION = YES;
				CLANG_WARN_OBJC_ROOT_CLASS = YES_ERROR;
				CLANG_WARN_RANGE_LOOP_ANALYSIS = YES;
				CLANG_WARN_STRICT_PROTOTYPES = YES;
				CLANG_WARN_SUSPICIOUS_MOVE = YES;
				CLANG_WARN_UNGUARDED_AVAILABILITY = YES_AGGRESSIVE;
				CLANG_WARN_UNREACHABLE_CODE = YES;
				CLANG_WARN__DUPLICATE_METHOD_MATCH = YES;
				CODE_SIGN_IDENTITY = "iPhone Developer";
				COPY_PHASE_STRIP = NO;
				DEBUG_INFORMATION_FORMAT = "dwarf-with-dsym";
				ENABLE_NS_ASSERTIONS = NO;
				ENABLE_STRICT_OBJC_MSGSEND = YES;
				GCC_C_LANGUAGE_STANDARD = gnu11;
				GCC_NO_COMMON_BLOCKS = YES;
				GCC_WARN_64_TO_32_BIT_CONVERSION = YES;
				GCC_WARN_ABOUT_RETURN_TYPE = YES_ERROR;
				GCC_WARN_UNDECLARED_SELECTOR = YES;
				GCC_WARN_UNINITIALIZED_AUTOS = YES_AGGRESSIVE;
				GCC_WARN_UNUSED_FUNCTION = YES;
				GCC_WARN_UNUSED_VARIABLE = YES;
				IPHONEOS_DEPLOYMENT_TARGET = 12.2;
				MTL_ENABLE_DEBUG_INFO = NO;
				MTL_FAST_MATH = YES;
				SDKROOT = iphoneos;
				SWIFT_COMPILATION_MODE = wholemodule;
				SWIFT_OPTIMIZATION_LEVEL = "-O";
				VALIDATE_PRODUCT = YES;
			};
			name = Release;
		};
		510B81AB2267A4DC00C23C62 /* Debug */ = {
			isa = XCBuildConfiguration;
			buildSettings = {
				ASSETCATALOG_COMPILER_APPICON_NAME = AppIcon;
				CODE_SIGN_STYLE = Automatic;
				DEVELOPMENT_TEAM = 7HNN3ZZSFU;
				INFOPLIST_FILE = ShoppingGoodsApp/Info.plist;
				LD_RUNPATH_SEARCH_PATHS = (
					"$(inherited)",
					"@executable_path/Frameworks",
				);
				PRODUCT_BUNDLE_IDENTIFIER = cc.ShoppingGoodsApp;
				PRODUCT_NAME = "$(TARGET_NAME)";
				SWIFT_VERSION = 5.0;
				TARGETED_DEVICE_FAMILY = "1,2";
			};
			name = Debug;
		};
		510B81AC2267A4DC00C23C62 /* Release */ = {
			isa = XCBuildConfiguration;
			buildSettings = {
				ASSETCATALOG_COMPILER_APPICON_NAME = AppIcon;
				CODE_SIGN_STYLE = Automatic;
				DEVELOPMENT_TEAM = 7HNN3ZZSFU;
				INFOPLIST_FILE = ShoppingGoodsApp/Info.plist;
				LD_RUNPATH_SEARCH_PATHS = (
					"$(inherited)",
					"@executable_path/Frameworks",
				);
				PRODUCT_BUNDLE_IDENTIFIER = cc.ShoppingGoodsApp;
				PRODUCT_NAME = "$(TARGET_NAME)";
				SWIFT_VERSION = 5.0;
				TARGETED_DEVICE_FAMILY = "1,2";
			};
			name = Release;
		};
		510B81AE2267A4DC00C23C62 /* Debug */ = {
			isa = XCBuildConfiguration;
			buildSettings = {
				ALWAYS_EMBED_SWIFT_STANDARD_LIBRARIES = YES;
				BUNDLE_LOADER = "$(TEST_HOST)";
				CODE_SIGN_STYLE = Automatic;
				DEVELOPMENT_TEAM = 7HNN3ZZSFU;
				INFOPLIST_FILE = ShoppingGoodsAppTests/Info.plist;
				LD_RUNPATH_SEARCH_PATHS = (
					"$(inherited)",
					"@executable_path/Frameworks",
					"@loader_path/Frameworks",
				);
				PRODUCT_BUNDLE_IDENTIFIER = cc.ShoppingGoodsAppTests;
				PRODUCT_NAME = "$(TARGET_NAME)";
				SWIFT_VERSION = 5.0;
				TARGETED_DEVICE_FAMILY = "1,2";
				TEST_HOST = "$(BUILT_PRODUCTS_DIR)/ShoppingGoodsApp.app/ShoppingGoodsApp";
			};
			name = Debug;
		};
		510B81AF2267A4DC00C23C62 /* Release */ = {
			isa = XCBuildConfiguration;
			buildSettings = {
				ALWAYS_EMBED_SWIFT_STANDARD_LIBRARIES = YES;
				BUNDLE_LOADER = "$(TEST_HOST)";
				CODE_SIGN_STYLE = Automatic;
				DEVELOPMENT_TEAM = 7HNN3ZZSFU;
				INFOPLIST_FILE = ShoppingGoodsAppTests/Info.plist;
				LD_RUNPATH_SEARCH_PATHS = (
					"$(inherited)",
					"@executable_path/Frameworks",
					"@loader_path/Frameworks",
				);
				PRODUCT_BUNDLE_IDENTIFIER = cc.ShoppingGoodsAppTests;
				PRODUCT_NAME = "$(TARGET_NAME)";
				SWIFT_VERSION = 5.0;
				TARGETED_DEVICE_FAMILY = "1,2";
				TEST_HOST = "$(BUILT_PRODUCTS_DIR)/ShoppingGoodsApp.app/ShoppingGoodsApp";
			};
			name = Release;
		};
		510B81B12267A4DC00C23C62 /* Debug */ = {
			isa = XCBuildConfiguration;
			buildSettings = {
				ALWAYS_EMBED_SWIFT_STANDARD_LIBRARIES = YES;
				CODE_SIGN_STYLE = Automatic;
				DEVELOPMENT_TEAM = 7HNN3ZZSFU;
				INFOPLIST_FILE = ShoppingGoodsAppUITests/Info.plist;
				LD_RUNPATH_SEARCH_PATHS = (
					"$(inherited)",
					"@executable_path/Frameworks",
					"@loader_path/Frameworks",
				);
				PRODUCT_BUNDLE_IDENTIFIER = cc.ShoppingGoodsAppUITests;
				PRODUCT_NAME = "$(TARGET_NAME)";
				SWIFT_VERSION = 5.0;
				TARGETED_DEVICE_FAMILY = "1,2";
				TEST_TARGET_NAME = ShoppingGoodsApp;
			};
			name = Debug;
		};
		510B81B22267A4DC00C23C62 /* Release */ = {
			isa = XCBuildConfiguration;
			buildSettings = {
				ALWAYS_EMBED_SWIFT_STANDARD_LIBRARIES = YES;
				CODE_SIGN_STYLE = Automatic;
				DEVELOPMENT_TEAM = 7HNN3ZZSFU;
				INFOPLIST_FILE = ShoppingGoodsAppUITests/Info.plist;
				LD_RUNPATH_SEARCH_PATHS = (
					"$(inherited)",
					"@executable_path/Frameworks",
					"@loader_path/Frameworks",
				);
				PRODUCT_BUNDLE_IDENTIFIER = cc.ShoppingGoodsAppUITests;
				PRODUCT_NAME = "$(TARGET_NAME)";
				SWIFT_VERSION = 5.0;
				TARGETED_DEVICE_FAMILY = "1,2";
				TEST_TARGET_NAME = ShoppingGoodsApp;
			};
			name = Release;
		};
/* End XCBuildConfiguration section */

/* Begin XCConfigurationList section */
		510B817A2267A4DB00C23C62 /* Build configuration list for PBXProject "ShoppingGoodsApp" */ = {
			isa = XCConfigurationList;
			buildConfigurations = (
				510B81A82267A4DC00C23C62 /* Debug */,
				510B81A92267A4DC00C23C62 /* Release */,
			);
			defaultConfigurationIsVisible = 0;
			defaultConfigurationName = Release;
		};
		510B81AA2267A4DC00C23C62 /* Build configuration list for PBXNativeTarget "ShoppingGoodsApp" */ = {
			isa = XCConfigurationList;
			buildConfigurations = (
				510B81AB2267A4DC00C23C62 /* Debug */,
				510B81AC2267A4DC00C23C62 /* Release */,
			);
			defaultConfigurationIsVisible = 0;
			defaultConfigurationName = Release;
		};
		510B81AD2267A4DC00C23C62 /* Build configuration list for PBXNativeTarget "ShoppingGoodsAppTests" */ = {
			isa = XCConfigurationList;
			buildConfigurations = (
				510B81AE2267A4DC00C23C62 /* Debug */,
				510B81AF2267A4DC00C23C62 /* Release */,
			);
			defaultConfigurationIsVisible = 0;
			defaultConfigurationName = Release;
		};
		510B81B02267A4DC00C23C62 /* Build configuration list for PBXNativeTarget "ShoppingGoodsAppUITests" */ = {
			isa = XCConfigurationList;
			buildConfigurations = (
				510B81B12267A4DC00C23C62 /* Debug */,
				510B81B22267A4DC00C23C62 /* Release */,
			);
			defaultConfigurationIsVisible = 0;
			defaultConfigurationName = Release;
		};
/* End XCConfigurationList section */

/* Begin XCVersionGroup section */
		510B81892267A4DB00C23C62 /* ShoppingGoodsApp.xcdatamodeld */ = {
			isa = XCVersionGroup;
			children = (
				510B818A2267A4DB00C23C62 /* ShoppingGoodsApp.xcdatamodel */,
			);
			currentVersion = 510B818A2267A4DB00C23C62 /* ShoppingGoodsApp.xcdatamodel */;
			path = ShoppingGoodsApp.xcdatamodeld;
			sourceTree = "<group>";
			versionGroupType = wrapper.xcdatamodel;
		};
/* End XCVersionGroup section */
	};
	rootObject = 510B81772267A4DB00C23C62 /* Project object */;
}
